// !$*UTF8*$!
{
	archiveVersion = 1;
	classes = {
	};
	objectVersion = 46;
	objects = {

/* Begin PBXBuildFile section */
		DB448D241EB4392D00EA75CB /* NUIParse_iOS.h in Headers */ = {isa = PBXBuildFile; fileRef = DB448D221EB4392D00EA75CB /* NUIParse_iOS.h */; settings = {ATTRIBUTES = (Public, ); }; };
		DB448D8D1EB4395500EA75CB /* NUIPJSONParser.h in Headers */ = {isa = PBXBuildFile; fileRef = DB448D2B1EB4395500EA75CB /* NUIPJSONParser.h */; settings = {ATTRIBUTES = (Public, ); }; };
		DB448D8E1EB4395500EA75CB /* NUIPJSONParser.m in Sources */ = {isa = PBXBuildFile; fileRef = DB448D2C1EB4395500EA75CB /* NUIPJSONParser.m */; };
		DB448D8F1EB4395500EA75CB /* InfoPlist.strings in Resources */ = {isa = PBXBuildFile; fileRef = DB448D2E1EB4395500EA75CB /* InfoPlist.strings */; };
		DB448D901EB4395500EA75CB /* NUIPGrammar.h in Headers */ = {isa = PBXBuildFile; fileRef = DB448D311EB4395500EA75CB /* NUIPGrammar.h */; settings = {ATTRIBUTES = (Public, ); }; };
		DB448D911EB4395500EA75CB /* NUIPGrammar.m in Sources */ = {isa = PBXBuildFile; fileRef = DB448D321EB4395500EA75CB /* NUIPGrammar.m */; };
		DB448D921EB4395500EA75CB /* NUIPGrammarInternal.h in Headers */ = {isa = PBXBuildFile; fileRef = DB448D331EB4395500EA75CB /* NUIPGrammarInternal.h */; settings = {ATTRIBUTES = (Public, ); }; };
		DB448D931EB4395500EA75CB /* NUIPGrammarInternal.m in Sources */ = {isa = PBXBuildFile; fileRef = DB448D341EB4395500EA75CB /* NUIPGrammarInternal.m */; };
		DB448D941EB4395500EA75CB /* NUIPGrammarPrivate.h in Headers */ = {isa = PBXBuildFile; fileRef = DB448D351EB4395500EA75CB /* NUIPGrammarPrivate.h */; settings = {ATTRIBUTES = (Public, ); }; };
		DB448D951EB4395500EA75CB /* NUIPGrammarPrivate.m in Sources */ = {isa = PBXBuildFile; fileRef = DB448D361EB4395500EA75CB /* NUIPGrammarPrivate.m */; };
		DB448D961EB4395500EA75CB /* NUIPGrammarSymbol.h in Headers */ = {isa = PBXBuildFile; fileRef = DB448D371EB4395500EA75CB /* NUIPGrammarSymbol.h */; settings = {ATTRIBUTES = (Public, ); }; };
		DB448D971EB4395500EA75CB /* NUIPGrammarSymbol.m in Sources */ = {isa = PBXBuildFile; fileRef = DB448D381EB4395500EA75CB /* NUIPGrammarSymbol.m */; };
		DB448D981EB4395500EA75CB /* NUIPRHSItem+Private.h in Headers */ = {isa = PBXBuildFile; fileRef = DB448D391EB4395500EA75CB /* NUIPRHSItem+Private.h */; settings = {ATTRIBUTES = (Public, ); }; };
		DB448D991EB4395500EA75CB /* NUIPRHSItem.h in Headers */ = {isa = PBXBuildFile; fileRef = DB448D3A1EB4395500EA75CB /* NUIPRHSItem.h */; settings = {ATTRIBUTES = (Public, ); }; };
		DB448D9A1EB4395500EA75CB /* NUIPRHSItem.m in Sources */ = {isa = PBXBuildFile; fileRef = DB448D3B1EB4395500EA75CB /* NUIPRHSItem.m */; };
		DB448D9B1EB4395500EA75CB /* NUIPRHSItemResult.h in Headers */ = {isa = PBXBuildFile; fileRef = DB448D3C1EB4395500EA75CB /* NUIPRHSItemResult.h */; settings = {ATTRIBUTES = (Public, ); }; };
		DB448D9C1EB4395500EA75CB /* NUIPRHSItemResult.m in Sources */ = {isa = PBXBuildFile; fileRef = DB448D3D1EB4395500EA75CB /* NUIPRHSItemResult.m */; };
		DB448D9D1EB4395500EA75CB /* NUIPRule+Internal.h in Headers */ = {isa = PBXBuildFile; fileRef = DB448D3E1EB4395500EA75CB /* NUIPRule+Internal.h */; settings = {ATTRIBUTES = (Public, ); }; };
		DB448D9E1EB4395500EA75CB /* NUIPRule.h in Headers */ = {isa = PBXBuildFile; fileRef = DB448D3F1EB4395500EA75CB /* NUIPRule.h */; settings = {ATTRIBUTES = (Public, ); }; };
		DB448D9F1EB4395500EA75CB /* NUIPRule.m in Sources */ = {isa = PBXBuildFile; fileRef = DB448D401EB4395500EA75CB /* NUIPRule.m */; };
		DB448DA01EB4395500EA75CB /* NSArray+NUIFunctional.h in Headers */ = {isa = PBXBuildFile; fileRef = DB448D411EB4395500EA75CB /* NSArray+NUIFunctional.h */; settings = {ATTRIBUTES = (Public, ); }; };
		DB448DA11EB4395500EA75CB /* NSArray+NUIFunctional.m in Sources */ = {isa = PBXBuildFile; fileRef = DB448D421EB4395500EA75CB /* NSArray+NUIFunctional.m */; };
		DB448DA21EB4395500EA75CB /* NSSet+NUIFunctional.h in Headers */ = {isa = PBXBuildFile; fileRef = DB448D431EB4395500EA75CB /* NSSet+NUIFunctional.h */; settings = {ATTRIBUTES = (Public, ); }; };
		DB448DA31EB4395500EA75CB /* NSSet+NUIFunctional.m in Sources */ = {isa = PBXBuildFile; fileRef = DB448D441EB4395500EA75CB /* NSSet+NUIFunctional.m */; };
		DB448DA41EB4395500EA75CB /* NUIParse-Info.plist in Resources */ = {isa = PBXBuildFile; fileRef = DB448D451EB4395500EA75CB /* NUIParse-Info.plist */; };
		DB448DA51EB4395500EA75CB /* NUIParse-Prefix.pch in Headers */ = {isa = PBXBuildFile; fileRef = DB448D461EB4395500EA75CB /* NUIParse-Prefix.pch */; settings = {ATTRIBUTES = (Public, ); }; };
		DB448DA61EB4395500EA75CB /* NUIParse.h in Headers */ = {isa = PBXBuildFile; fileRef = DB448D471EB4395500EA75CB /* NUIParse.h */; settings = {ATTRIBUTES = (Public, ); }; };
		DB448DA71EB4395500EA75CB /* NUIPRecoveryAction.h in Headers */ = {isa = PBXBuildFile; fileRef = DB448D4A1EB4395500EA75CB /* NUIPRecoveryAction.h */; settings = {ATTRIBUTES = (Public, ); }; };
		DB448DA81EB4395500EA75CB /* NUIPRecoveryAction.m in Sources */ = {isa = PBXBuildFile; fileRef = DB448D4B1EB4395500EA75CB /* NUIPRecoveryAction.m */; };
		DB448DA91EB4395500EA75CB /* NUIPParser.h in Headers */ = {isa = PBXBuildFile; fileRef = DB448D4C1EB4395500EA75CB /* NUIPParser.h */; settings = {ATTRIBUTES = (Public, ); }; };
		DB448DAA1EB4395500EA75CB /* NUIPParser.m in Sources */ = {isa = PBXBuildFile; fileRef = DB448D4D1EB4395500EA75CB /* NUIPParser.m */; };
		DB448DAB1EB4395500EA75CB /* NUIPShiftReduceParser.h in Headers */ = {isa = PBXBuildFile; fileRef = DB448D4E1EB4395500EA75CB /* NUIPShiftReduceParser.h */; settings = {ATTRIBUTES = (Public, ); }; };
		DB448DAC1EB4395500EA75CB /* NUIPShiftReduceParser.m in Sources */ = {isa = PBXBuildFile; fileRef = DB448D4F1EB4395500EA75CB /* NUIPShiftReduceParser.m */; };
		DB448DAD1EB4395500EA75CB /* NUIPItem.h in Headers */ = {isa = PBXBuildFile; fileRef = DB448D511EB4395500EA75CB /* NUIPItem.h */; settings = {ATTRIBUTES = (Public, ); }; };
		DB448DAE1EB4395500EA75CB /* NUIPItem.m in Sources */ = {isa = PBXBuildFile; fileRef = DB448D521EB4395500EA75CB /* NUIPItem.m */; };
		DB448DAF1EB4395500EA75CB /* NUIPLALR1Parser.h in Headers */ = {isa = PBXBuildFile; fileRef = DB448D531EB4395500EA75CB /* NUIPLALR1Parser.h */; settings = {ATTRIBUTES = (Public, ); }; };
		DB448DB01EB4395500EA75CB /* NUIPLALR1Parser.m in Sources */ = {isa = PBXBuildFile; fileRef = DB448D541EB4395500EA75CB /* NUIPLALR1Parser.m */; };
		DB448DB11EB4395500EA75CB /* NUIPLR1Item.h in Headers */ = {isa = PBXBuildFile; fileRef = DB448D551EB4395500EA75CB /* NUIPLR1Item.h */; settings = {ATTRIBUTES = (Public, ); }; };
		DB448DB21EB4395500EA75CB /* NUIPLR1Item.m in Sources */ = {isa = PBXBuildFile; fileRef = DB448D561EB4395500EA75CB /* NUIPLR1Item.m */; };
		DB448DB31EB4395500EA75CB /* NUIPLR1Parser.h in Headers */ = {isa = PBXBuildFile; fileRef = DB448D571EB4395500EA75CB /* NUIPLR1Parser.h */; settings = {ATTRIBUTES = (Public, ); }; };
		DB448DB41EB4395500EA75CB /* NUIPLR1Parser.m in Sources */ = {isa = PBXBuildFile; fileRef = DB448D581EB4395500EA75CB /* NUIPLR1Parser.m */; };
		DB448DB51EB4395500EA75CB /* NUIPShiftAction.h in Headers */ = {isa = PBXBuildFile; fileRef = DB448D591EB4395500EA75CB /* NUIPShiftAction.h */; settings = {ATTRIBUTES = (Public, ); }; };
		DB448DB61EB4395500EA75CB /* NUIPShiftAction.m in Sources */ = {isa = PBXBuildFile; fileRef = DB448D5A1EB4395500EA75CB /* NUIPShiftAction.m */; };
		DB448DB71EB4395500EA75CB /* NUIPShiftReduceAction.h in Headers */ = {isa = PBXBuildFile; fileRef = DB448D5B1EB4395500EA75CB /* NUIPShiftReduceAction.h */; settings = {ATTRIBUTES = (Public, ); }; };
		DB448DB81EB4395500EA75CB /* NUIPShiftReduceAction.m in Sources */ = {isa = PBXBuildFile; fileRef = DB448D5C1EB4395500EA75CB /* NUIPShiftReduceAction.m */; };
		DB448DB91EB4395500EA75CB /* NUIPShiftReduceActionTable.h in Headers */ = {isa = PBXBuildFile; fileRef = DB448D5D1EB4395500EA75CB /* NUIPShiftReduceActionTable.h */; settings = {ATTRIBUTES = (Public, ); }; };
		DB448DBA1EB4395500EA75CB /* NUIPShiftReduceActionTable.m in Sources */ = {isa = PBXBuildFile; fileRef = DB448D5E1EB4395500EA75CB /* NUIPShiftReduceActionTable.m */; };
		DB448DBB1EB4395500EA75CB /* NUIPShiftReduceGotoTable.h in Headers */ = {isa = PBXBuildFile; fileRef = DB448D5F1EB4395500EA75CB /* NUIPShiftReduceGotoTable.h */; settings = {ATTRIBUTES = (Public, ); }; };
		DB448DBC1EB4395500EA75CB /* NUIPShiftReduceGotoTable.m in Sources */ = {isa = PBXBuildFile; fileRef = DB448D601EB4395500EA75CB /* NUIPShiftReduceGotoTable.m */; };
		DB448DBD1EB4395500EA75CB /* NUIPShiftReduceParserProtectedMethods.h in Headers */ = {isa = PBXBuildFile; fileRef = DB448D611EB4395500EA75CB /* NUIPShiftReduceParserProtectedMethods.h */; settings = {ATTRIBUTES = (Public, ); }; };
		DB448DBE1EB4395500EA75CB /* NUIPShiftReduceState.h in Headers */ = {isa = PBXBuildFile; fileRef = DB448D621EB4395500EA75CB /* NUIPShiftReduceState.h */; settings = {ATTRIBUTES = (Public, ); }; };
		DB448DBF1EB4395500EA75CB /* NUIPShiftReduceState.m in Sources */ = {isa = PBXBuildFile; fileRef = DB448D631EB4395500EA75CB /* NUIPShiftReduceState.m */; };
		DB448DC01EB4395500EA75CB /* NUIPSLRParser.h in Headers */ = {isa = PBXBuildFile; fileRef = DB448D641EB4395500EA75CB /* NUIPSLRParser.h */; settings = {ATTRIBUTES = (Public, ); }; };
		DB448DC11EB4395500EA75CB /* NUIPSLRParser.m in Sources */ = {isa = PBXBuildFile; fileRef = DB448D651EB4395500EA75CB /* NUIPSLRParser.m */; };
		DB448DC21EB4395500EA75CB /* NUIPSyntaxTree.h in Headers */ = {isa = PBXBuildFile; fileRef = DB448D671EB4395500EA75CB /* NUIPSyntaxTree.h */; settings = {ATTRIBUTES = (Public, ); }; };
		DB448DC31EB4395500EA75CB /* NUIPSyntaxTree.m in Sources */ = {isa = PBXBuildFile; fileRef = DB448D681EB4395500EA75CB /* NUIPSyntaxTree.m */; };
		DB448DC41EB4395500EA75CB /* NUIPTokeniser.h in Headers */ = {isa = PBXBuildFile; fileRef = DB448D6A1EB4395500EA75CB /* NUIPTokeniser.h */; settings = {ATTRIBUTES = (Public, ); }; };
		DB448DC51EB4395500EA75CB /* NUIPTokeniser.m in Sources */ = {isa = PBXBuildFile; fileRef = DB448D6B1EB4395500EA75CB /* NUIPTokeniser.m */; };
		DB448DC61EB4395500EA75CB /* NUIPTokenStream.h in Headers */ = {isa = PBXBuildFile; fileRef = DB448D6C1EB4395500EA75CB /* NUIPTokenStream.h */; settings = {ATTRIBUTES = (Public, ); }; };
		DB448DC71EB4395500EA75CB /* NUIPTokenStream.m in Sources */ = {isa = PBXBuildFile; fileRef = DB448D6D1EB4395500EA75CB /* NUIPTokenStream.m */; };
		DB448DC81EB4395500EA75CB /* NUIPIdentifierRecogniser.h in Headers */ = {isa = PBXBuildFile; fileRef = DB448D6F1EB4395500EA75CB /* NUIPIdentifierRecogniser.h */; settings = {ATTRIBUTES = (Public, ); }; };
		DB448DC91EB4395500EA75CB /* NUIPIdentifierRecogniser.m in Sources */ = {isa = PBXBuildFile; fileRef = DB448D701EB4395500EA75CB /* NUIPIdentifierRecogniser.m */; };
		DB448DCA1EB4395500EA75CB /* NUIPKeywordRecogniser.h in Headers */ = {isa = PBXBuildFile; fileRef = DB448D711EB4395500EA75CB /* NUIPKeywordRecogniser.h */; settings = {ATTRIBUTES = (Public, ); }; };
		DB448DCB1EB4395500EA75CB /* NUIPKeywordRecogniser.m in Sources */ = {isa = PBXBuildFile; fileRef = DB448D721EB4395500EA75CB /* NUIPKeywordRecogniser.m */; };
		DB448DCC1EB4395500EA75CB /* NUIPNumberRecogniser.h in Headers */ = {isa = PBXBuildFile; fileRef = DB448D731EB4395500EA75CB /* NUIPNumberRecogniser.h */; settings = {ATTRIBUTES = (Public, ); }; };
		DB448DCD1EB4395500EA75CB /* NUIPNumberRecogniser.m in Sources */ = {isa = PBXBuildFile; fileRef = DB448D741EB4395500EA75CB /* NUIPNumberRecogniser.m */; };
		DB448DCE1EB4395500EA75CB /* NUIPQuotedRecogniser.h in Headers */ = {isa = PBXBuildFile; fileRef = DB448D751EB4395500EA75CB /* NUIPQuotedRecogniser.h */; settings = {ATTRIBUTES = (Public, ); }; };
		DB448DCF1EB4395500EA75CB /* NUIPQuotedRecogniser.m in Sources */ = {isa = PBXBuildFile; fileRef = DB448D761EB4395500EA75CB /* NUIPQuotedRecogniser.m */; };
		DB448DD01EB4395500EA75CB /* NUIPRegexpRecogniser.h in Headers */ = {isa = PBXBuildFile; fileRef = DB448D771EB4395500EA75CB /* NUIPRegexpRecogniser.h */; settings = {ATTRIBUTES = (Public, ); }; };
		DB448DD11EB4395500EA75CB /* NUIPRegexpRecogniser.m in Sources */ = {isa = PBXBuildFile; fileRef = DB448D781EB4395500EA75CB /* NUIPRegexpRecogniser.m */; };
		DB448DD21EB4395500EA75CB /* NUIPTokenRecogniser.h in Headers */ = {isa = PBXBuildFile; fileRef = DB448D791EB4395500EA75CB /* NUIPTokenRecogniser.h */; settings = {ATTRIBUTES = (Public, ); }; };
		DB448DD31EB4395500EA75CB /* NUIPWhiteSpaceRecogniser.h in Headers */ = {isa = PBXBuildFile; fileRef = DB448D7A1EB4395500EA75CB /* NUIPWhiteSpaceRecogniser.h */; settings = {ATTRIBUTES = (Public, ); }; };
		DB448DD41EB4395500EA75CB /* NUIPWhiteSpaceRecogniser.m in Sources */ = {isa = PBXBuildFile; fileRef = DB448D7B1EB4395500EA75CB /* NUIPWhiteSpaceRecogniser.m */; };
		DB448DD51EB4395500EA75CB /* NUIPEOFToken.h in Headers */ = {isa = PBXBuildFile; fileRef = DB448D7D1EB4395500EA75CB /* NUIPEOFToken.h */; settings = {ATTRIBUTES = (Public, ); }; };
		DB448DD61EB4395500EA75CB /* NUIPEOFToken.m in Sources */ = {isa = PBXBuildFile; fileRef = DB448D7E1EB4395500EA75CB /* NUIPEOFToken.m */; };
		DB448DD71EB4395500EA75CB /* NUIPErrorToken.h in Headers */ = {isa = PBXBuildFile; fileRef = DB448D7F1EB4395500EA75CB /* NUIPErrorToken.h */; settings = {ATTRIBUTES = (Public, ); }; };
		DB448DD81EB4395500EA75CB /* NUIPErrorToken.m in Sources */ = {isa = PBXBuildFile; fileRef = DB448D801EB4395500EA75CB /* NUIPErrorToken.m */; };
		DB448DD91EB4395500EA75CB /* NUIPIdentifierToken.h in Headers */ = {isa = PBXBuildFile; fileRef = DB448D811EB4395500EA75CB /* NUIPIdentifierToken.h */; settings = {ATTRIBUTES = (Public, ); }; };
		DB448DDA1EB4395500EA75CB /* NUIPIdentifierToken.m in Sources */ = {isa = PBXBuildFile; fileRef = DB448D821EB4395500EA75CB /* NUIPIdentifierToken.m */; };
		DB448DDB1EB4395500EA75CB /* NUIPKeywordToken.h in Headers */ = {isa = PBXBuildFile; fileRef = DB448D831EB4395500EA75CB /* NUIPKeywordToken.h */; settings = {ATTRIBUTES = (Public, ); }; };
		DB448DDC1EB4395500EA75CB /* NUIPKeywordToken.m in Sources */ = {isa = PBXBuildFile; fileRef = DB448D841EB4395500EA75CB /* NUIPKeywordToken.m */; };
		DB448DDD1EB4395500EA75CB /* NUIPNumberToken.h in Headers */ = {isa = PBXBuildFile; fileRef = DB448D851EB4395500EA75CB /* NUIPNumberToken.h */; settings = {ATTRIBUTES = (Public, ); }; };
		DB448DDE1EB4395500EA75CB /* NUIPNumberToken.m in Sources */ = {isa = PBXBuildFile; fileRef = DB448D861EB4395500EA75CB /* NUIPNumberToken.m */; };
		DB448DDF1EB4395500EA75CB /* NUIPQuotedToken.h in Headers */ = {isa = PBXBuildFile; fileRef = DB448D871EB4395500EA75CB /* NUIPQuotedToken.h */; settings = {ATTRIBUTES = (Public, ); }; };
		DB448DE01EB4395500EA75CB /* NUIPQuotedToken.m in Sources */ = {isa = PBXBuildFile; fileRef = DB448D881EB4395500EA75CB /* NUIPQuotedToken.m */; };
		DB448DE11EB4395500EA75CB /* NUIPToken.h in Headers */ = {isa = PBXBuildFile; fileRef = DB448D891EB4395500EA75CB /* NUIPToken.h */; settings = {ATTRIBUTES = (Public, ); }; };
		DB448DE21EB4395500EA75CB /* NUIPToken.m in Sources */ = {isa = PBXBuildFile; fileRef = DB448D8A1EB4395500EA75CB /* NUIPToken.m */; };
		DB448DE31EB4395500EA75CB /* NUIPWhiteSpaceToken.h in Headers */ = {isa = PBXBuildFile; fileRef = DB448D8B1EB4395500EA75CB /* NUIPWhiteSpaceToken.h */; settings = {ATTRIBUTES = (Public, ); }; };
		DB448DE41EB4395500EA75CB /* NUIPWhiteSpaceToken.m in Sources */ = {isa = PBXBuildFile; fileRef = DB448D8C1EB4395500EA75CB /* NUIPWhiteSpaceToken.m */; };
/* End PBXBuildFile section */

/* Begin PBXFileReference section */
		DB448D1F1EB4392D00EA75CB /* NUIParse_iOS.framework */ = {isa = PBXFileReference; explicitFileType = wrapper.framework; includeInIndex = 0; path = NUIParse_iOS.framework; sourceTree = BUILT_PRODUCTS_DIR; };
		DB448D221EB4392D00EA75CB /* NUIParse_iOS.h */ = {isa = PBXFileReference; lastKnownFileType = sourcecode.c.h; path = NUIParse_iOS.h; sourceTree = "<group>"; };
		DB448D231EB4392D00EA75CB /* Info.plist */ = {isa = PBXFileReference; lastKnownFileType = text.plist.xml; path = Info.plist; sourceTree = "<group>"; };
		DB448D2B1EB4395500EA75CB /* NUIPJSONParser.h */ = {isa = PBXFileReference; fileEncoding = 4; lastKnownFileType = sourcecode.c.h; path = NUIPJSONParser.h; sourceTree = "<group>"; };
		DB448D2C1EB4395500EA75CB /* NUIPJSONParser.m */ = {isa = PBXFileReference; fileEncoding = 4; lastKnownFileType = sourcecode.c.objc; path = NUIPJSONParser.m; sourceTree = "<group>"; };
		DB448D2F1EB4395500EA75CB /* en */ = {isa = PBXFileReference; lastKnownFileType = text.plist.strings; name = en; path = InfoPlist.strings; sourceTree = "<group>"; };
		DB448D311EB4395500EA75CB /* NUIPGrammar.h */ = {isa = PBXFileReference; fileEncoding = 4; lastKnownFileType = sourcecode.c.h; path = NUIPGrammar.h; sourceTree = "<group>"; };
		DB448D321EB4395500EA75CB /* NUIPGrammar.m */ = {isa = PBXFileReference; fileEncoding = 4; lastKnownFileType = sourcecode.c.objc; path = NUIPGrammar.m; sourceTree = "<group>"; };
		DB448D331EB4395500EA75CB /* NUIPGrammarInternal.h */ = {isa = PBXFileReference; fileEncoding = 4; lastKnownFileType = sourcecode.c.h; path = NUIPGrammarInternal.h; sourceTree = "<group>"; };
		DB448D341EB4395500EA75CB /* NUIPGrammarInternal.m */ = {isa = PBXFileReference; fileEncoding = 4; lastKnownFileType = sourcecode.c.objc; path = NUIPGrammarInternal.m; sourceTree = "<group>"; };
		DB448D351EB4395500EA75CB /* NUIPGrammarPrivate.h */ = {isa = PBXFileReference; fileEncoding = 4; lastKnownFileType = sourcecode.c.h; path = NUIPGrammarPrivate.h; sourceTree = "<group>"; };
		DB448D361EB4395500EA75CB /* NUIPGrammarPrivate.m */ = {isa = PBXFileReference; fileEncoding = 4; lastKnownFileType = sourcecode.c.objc; path = NUIPGrammarPrivate.m; sourceTree = "<group>"; };
		DB448D371EB4395500EA75CB /* NUIPGrammarSymbol.h */ = {isa = PBXFileReference; fileEncoding = 4; lastKnownFileType = sourcecode.c.h; path = NUIPGrammarSymbol.h; sourceTree = "<group>"; };
		DB448D381EB4395500EA75CB /* NUIPGrammarSymbol.m */ = {isa = PBXFileReference; fileEncoding = 4; lastKnownFileType = sourcecode.c.objc; path = NUIPGrammarSymbol.m; sourceTree = "<group>"; };
		DB448D391EB4395500EA75CB /* NUIPRHSItem+Private.h */ = {isa = PBXFileReference; fileEncoding = 4; lastKnownFileType = sourcecode.c.h; path = "NUIPRHSItem+Private.h"; sourceTree = "<group>"; };
		DB448D3A1EB4395500EA75CB /* NUIPRHSItem.h */ = {isa = PBXFileReference; fileEncoding = 4; lastKnownFileType = sourcecode.c.h; path = NUIPRHSItem.h; sourceTree = "<group>"; };
		DB448D3B1EB4395500EA75CB /* NUIPRHSItem.m */ = {isa = PBXFileReference; fileEncoding = 4; lastKnownFileType = sourcecode.c.objc; path = NUIPRHSItem.m; sourceTree = "<group>"; };
		DB448D3C1EB4395500EA75CB /* NUIPRHSItemResult.h */ = {isa = PBXFileReference; fileEncoding = 4; lastKnownFileType = sourcecode.c.h; path = NUIPRHSItemResult.h; sourceTree = "<group>"; };
		DB448D3D1EB4395500EA75CB /* NUIPRHSItemResult.m */ = {isa = PBXFileReference; fileEncoding = 4; lastKnownFileType = sourcecode.c.objc; path = NUIPRHSItemResult.m; sourceTree = "<group>"; };
		DB448D3E1EB4395500EA75CB /* NUIPRule+Internal.h */ = {isa = PBXFileReference; fileEncoding = 4; lastKnownFileType = sourcecode.c.h; path = "NUIPRule+Internal.h"; sourceTree = "<group>"; };
		DB448D3F1EB4395500EA75CB /* NUIPRule.h */ = {isa = PBXFileReference; fileEncoding = 4; lastKnownFileType = sourcecode.c.h; path = NUIPRule.h; sourceTree = "<group>"; };
		DB448D401EB4395500EA75CB /* NUIPRule.m */ = {isa = PBXFileReference; fileEncoding = 4; lastKnownFileType = sourcecode.c.objc; path = NUIPRule.m; sourceTree = "<group>"; };
		DB448D411EB4395500EA75CB /* NSArray+NUIFunctional.h */ = {isa = PBXFileReference; fileEncoding = 4; lastKnownFileType = sourcecode.c.h; name = "NSArray+NUIFunctional.h"; path = "../../NUIParse/NSArray+NUIFunctional.h"; sourceTree = "<group>"; };
		DB448D421EB4395500EA75CB /* NSArray+NUIFunctional.m */ = {isa = PBXFileReference; fileEncoding = 4; lastKnownFileType = sourcecode.c.objc; name = "NSArray+NUIFunctional.m"; path = "../../NUIParse/NSArray+NUIFunctional.m"; sourceTree = "<group>"; };
		DB448D431EB4395500EA75CB /* NSSet+NUIFunctional.h */ = {isa = PBXFileReference; fileEncoding = 4; lastKnownFileType = sourcecode.c.h; name = "NSSet+NUIFunctional.h"; path = "../../NUIParse/NSSet+NUIFunctional.h"; sourceTree = "<group>"; };
		DB448D441EB4395500EA75CB /* NSSet+NUIFunctional.m */ = {isa = PBXFileReference; fileEncoding = 4; lastKnownFileType = sourcecode.c.objc; name = "NSSet+NUIFunctional.m"; path = "../../NUIParse/NSSet+NUIFunctional.m"; sourceTree = "<group>"; };
		DB448D451EB4395500EA75CB /* NUIParse-Info.plist */ = {isa = PBXFileReference; fileEncoding = 4; lastKnownFileType = text.plist.xml; name = "NUIParse-Info.plist"; path = "../../NUIParse/NUIParse-Info.plist"; sourceTree = "<group>"; };
		DB448D461EB4395500EA75CB /* NUIParse-Prefix.pch */ = {isa = PBXFileReference; fileEncoding = 4; lastKnownFileType = sourcecode.c.h; name = "NUIParse-Prefix.pch"; path = "../../NUIParse/NUIParse-Prefix.pch"; sourceTree = "<group>"; };
		DB448D471EB4395500EA75CB /* NUIParse.h */ = {isa = PBXFileReference; fileEncoding = 4; lastKnownFileType = sourcecode.c.h; name = NUIParse.h; path = ../../NUIParse/NUIParse.h; sourceTree = "<group>"; };
		DB448D4A1EB4395500EA75CB /* NUIPRecoveryAction.h */ = {isa = PBXFileReference; fileEncoding = 4; lastKnownFileType = sourcecode.c.h; path = NUIPRecoveryAction.h; sourceTree = "<group>"; };
		DB448D4B1EB4395500EA75CB /* NUIPRecoveryAction.m */ = {isa = PBXFileReference; fileEncoding = 4; lastKnownFileType = sourcecode.c.objc; path = NUIPRecoveryAction.m; sourceTree = "<group>"; };
		DB448D4C1EB4395500EA75CB /* NUIPParser.h */ = {isa = PBXFileReference; fileEncoding = 4; lastKnownFileType = sourcecode.c.h; path = NUIPParser.h; sourceTree = "<group>"; };
		DB448D4D1EB4395500EA75CB /* NUIPParser.m */ = {isa = PBXFileReference; fileEncoding = 4; lastKnownFileType = sourcecode.c.objc; path = NUIPParser.m; sourceTree = "<group>"; };
		DB448D4E1EB4395500EA75CB /* NUIPShiftReduceParser.h */ = {isa = PBXFileReference; fileEncoding = 4; lastKnownFileType = sourcecode.c.h; path = NUIPShiftReduceParser.h; sourceTree = "<group>"; };
		DB448D4F1EB4395500EA75CB /* NUIPShiftReduceParser.m */ = {isa = PBXFileReference; fileEncoding = 4; lastKnownFileType = sourcecode.c.objc; path = NUIPShiftReduceParser.m; sourceTree = "<group>"; };
		DB448D511EB4395500EA75CB /* NUIPItem.h */ = {isa = PBXFileReference; fileEncoding = 4; lastKnownFileType = sourcecode.c.h; path = NUIPItem.h; sourceTree = "<group>"; };
		DB448D521EB4395500EA75CB /* NUIPItem.m */ = {isa = PBXFileReference; fileEncoding = 4; lastKnownFileType = sourcecode.c.objc; path = NUIPItem.m; sourceTree = "<group>"; };
		DB448D531EB4395500EA75CB /* NUIPLALR1Parser.h */ = {isa = PBXFileReference; fileEncoding = 4; lastKnownFileType = sourcecode.c.h; path = NUIPLALR1Parser.h; sourceTree = "<group>"; };
		DB448D541EB4395500EA75CB /* NUIPLALR1Parser.m */ = {isa = PBXFileReference; fileEncoding = 4; lastKnownFileType = sourcecode.c.objc; path = NUIPLALR1Parser.m; sourceTree = "<group>"; };
		DB448D551EB4395500EA75CB /* NUIPLR1Item.h */ = {isa = PBXFileReference; fileEncoding = 4; lastKnownFileType = sourcecode.c.h; path = NUIPLR1Item.h; sourceTree = "<group>"; };
		DB448D561EB4395500EA75CB /* NUIPLR1Item.m */ = {isa = PBXFileReference; fileEncoding = 4; lastKnownFileType = sourcecode.c.objc; path = NUIPLR1Item.m; sourceTree = "<group>"; };
		DB448D571EB4395500EA75CB /* NUIPLR1Parser.h */ = {isa = PBXFileReference; fileEncoding = 4; lastKnownFileType = sourcecode.c.h; path = NUIPLR1Parser.h; sourceTree = "<group>"; };
		DB448D581EB4395500EA75CB /* NUIPLR1Parser.m */ = {isa = PBXFileReference; fileEncoding = 4; lastKnownFileType = sourcecode.c.objc; path = NUIPLR1Parser.m; sourceTree = "<group>"; };
		DB448D591EB4395500EA75CB /* NUIPShiftAction.h */ = {isa = PBXFileReference; fileEncoding = 4; lastKnownFileType = sourcecode.c.h; path = NUIPShiftAction.h; sourceTree = "<group>"; };
		DB448D5A1EB4395500EA75CB /* NUIPShiftAction.m */ = {isa = PBXFileReference; fileEncoding = 4; lastKnownFileType = sourcecode.c.objc; path = NUIPShiftAction.m; sourceTree = "<group>"; };
		DB448D5B1EB4395500EA75CB /* NUIPShiftReduceAction.h */ = {isa = PBXFileReference; fileEncoding = 4; lastKnownFileType = sourcecode.c.h; path = NUIPShiftReduceAction.h; sourceTree = "<group>"; };
		DB448D5C1EB4395500EA75CB /* NUIPShiftReduceAction.m */ = {isa = PBXFileReference; fileEncoding = 4; lastKnownFileType = sourcecode.c.objc; path = NUIPShiftReduceAction.m; sourceTree = "<group>"; };
		DB448D5D1EB4395500EA75CB /* NUIPShiftReduceActionTable.h */ = {isa = PBXFileReference; fileEncoding = 4; lastKnownFileType = sourcecode.c.h; path = NUIPShiftReduceActionTable.h; sourceTree = "<group>"; };
		DB448D5E1EB4395500EA75CB /* NUIPShiftReduceActionTable.m */ = {isa = PBXFileReference; fileEncoding = 4; lastKnownFileType = sourcecode.c.objc; path = NUIPShiftReduceActionTable.m; sourceTree = "<group>"; };
		DB448D5F1EB4395500EA75CB /* NUIPShiftReduceGotoTable.h */ = {isa = PBXFileReference; fileEncoding = 4; lastKnownFileType = sourcecode.c.h; path = NUIPShiftReduceGotoTable.h; sourceTree = "<group>"; };
		DB448D601EB4395500EA75CB /* NUIPShiftReduceGotoTable.m */ = {isa = PBXFileReference; fileEncoding = 4; lastKnownFileType = sourcecode.c.objc; path = NUIPShiftReduceGotoTable.m; sourceTree = "<group>"; };
		DB448D611EB4395500EA75CB /* NUIPShiftReduceParserProtectedMethods.h */ = {isa = PBXFileReference; fileEncoding = 4; lastKnownFileType = sourcecode.c.h; path = NUIPShiftReduceParserProtectedMethods.h; sourceTree = "<group>"; };
		DB448D621EB4395500EA75CB /* NUIPShiftReduceState.h */ = {isa = PBXFileReference; fileEncoding = 4; lastKnownFileType = sourcecode.c.h; path = NUIPShiftReduceState.h; sourceTree = "<group>"; };
		DB448D631EB4395500EA75CB /* NUIPShiftReduceState.m */ = {isa = PBXFileReference; fileEncoding = 4; lastKnownFileType = sourcecode.c.objc; path = NUIPShiftReduceState.m; sourceTree = "<group>"; };
		DB448D641EB4395500EA75CB /* NUIPSLRParser.h */ = {isa = PBXFileReference; fileEncoding = 4; lastKnownFileType = sourcecode.c.h; path = NUIPSLRParser.h; sourceTree = "<group>"; };
		DB448D651EB4395500EA75CB /* NUIPSLRParser.m */ = {isa = PBXFileReference; fileEncoding = 4; lastKnownFileType = sourcecode.c.objc; path = NUIPSLRParser.m; sourceTree = "<group>"; };
		DB448D671EB4395500EA75CB /* NUIPSyntaxTree.h */ = {isa = PBXFileReference; fileEncoding = 4; lastKnownFileType = sourcecode.c.h; path = NUIPSyntaxTree.h; sourceTree = "<group>"; };
		DB448D681EB4395500EA75CB /* NUIPSyntaxTree.m */ = {isa = PBXFileReference; fileEncoding = 4; lastKnownFileType = sourcecode.c.objc; path = NUIPSyntaxTree.m; sourceTree = "<group>"; };
		DB448D6A1EB4395500EA75CB /* NUIPTokeniser.h */ = {isa = PBXFileReference; fileEncoding = 4; lastKnownFileType = sourcecode.c.h; path = NUIPTokeniser.h; sourceTree = "<group>"; };
		DB448D6B1EB4395500EA75CB /* NUIPTokeniser.m */ = {isa = PBXFileReference; fileEncoding = 4; lastKnownFileType = sourcecode.c.objc; path = NUIPTokeniser.m; sourceTree = "<group>"; };
		DB448D6C1EB4395500EA75CB /* NUIPTokenStream.h */ = {isa = PBXFileReference; fileEncoding = 4; lastKnownFileType = sourcecode.c.h; path = NUIPTokenStream.h; sourceTree = "<group>"; };
		DB448D6D1EB4395500EA75CB /* NUIPTokenStream.m */ = {isa = PBXFileReference; fileEncoding = 4; lastKnownFileType = sourcecode.c.objc; path = NUIPTokenStream.m; sourceTree = "<group>"; };
		DB448D6F1EB4395500EA75CB /* NUIPIdentifierRecogniser.h */ = {isa = PBXFileReference; fileEncoding = 4; lastKnownFileType = sourcecode.c.h; path = NUIPIdentifierRecogniser.h; sourceTree = "<group>"; };
		DB448D701EB4395500EA75CB /* NUIPIdentifierRecogniser.m */ = {isa = PBXFileReference; fileEncoding = 4; lastKnownFileType = sourcecode.c.objc; path = NUIPIdentifierRecogniser.m; sourceTree = "<group>"; };
		DB448D711EB4395500EA75CB /* NUIPKeywordRecogniser.h */ = {isa = PBXFileReference; fileEncoding = 4; lastKnownFileType = sourcecode.c.h; path = NUIPKeywordRecogniser.h; sourceTree = "<group>"; };
		DB448D721EB4395500EA75CB /* NUIPKeywordRecogniser.m */ = {isa = PBXFileReference; fileEncoding = 4; lastKnownFileType = sourcecode.c.objc; path = NUIPKeywordRecogniser.m; sourceTree = "<group>"; };
		DB448D731EB4395500EA75CB /* NUIPNumberRecogniser.h */ = {isa = PBXFileReference; fileEncoding = 4; lastKnownFileType = sourcecode.c.h; path = NUIPNumberRecogniser.h; sourceTree = "<group>"; };
		DB448D741EB4395500EA75CB /* NUIPNumberRecogniser.m */ = {isa = PBXFileReference; fileEncoding = 4; lastKnownFileType = sourcecode.c.objc; path = NUIPNumberRecogniser.m; sourceTree = "<group>"; };
		DB448D751EB4395500EA75CB /* NUIPQuotedRecogniser.h */ = {isa = PBXFileReference; fileEncoding = 4; lastKnownFileType = sourcecode.c.h; path = NUIPQuotedRecogniser.h; sourceTree = "<group>"; };
		DB448D761EB4395500EA75CB /* NUIPQuotedRecogniser.m */ = {isa = PBXFileReference; fileEncoding = 4; lastKnownFileType = sourcecode.c.objc; path = NUIPQuotedRecogniser.m; sourceTree = "<group>"; };
		DB448D771EB4395500EA75CB /* NUIPRegexpRecogniser.h */ = {isa = PBXFileReference; fileEncoding = 4; lastKnownFileType = sourcecode.c.h; path = NUIPRegexpRecogniser.h; sourceTree = "<group>"; };
		DB448D781EB4395500EA75CB /* NUIPRegexpRecogniser.m */ = {isa = PBXFileReference; fileEncoding = 4; lastKnownFileType = sourcecode.c.objc; path = NUIPRegexpRecogniser.m; sourceTree = "<group>"; };
		DB448D791EB4395500EA75CB /* NUIPTokenRecogniser.h */ = {isa = PBXFileReference; fileEncoding = 4; lastKnownFileType = sourcecode.c.h; path = NUIPTokenRecogniser.h; sourceTree = "<group>"; };
		DB448D7A1EB4395500EA75CB /* NUIPWhiteSpaceRecogniser.h */ = {isa = PBXFileReference; fileEncoding = 4; lastKnownFileType = sourcecode.c.h; path = NUIPWhiteSpaceRecogniser.h; sourceTree = "<group>"; };
		DB448D7B1EB4395500EA75CB /* NUIPWhiteSpaceRecogniser.m */ = {isa = PBXFileReference; fileEncoding = 4; lastKnownFileType = sourcecode.c.objc; path = NUIPWhiteSpaceRecogniser.m; sourceTree = "<group>"; };
		DB448D7D1EB4395500EA75CB /* NUIPEOFToken.h */ = {isa = PBXFileReference; fileEncoding = 4; lastKnownFileType = sourcecode.c.h; path = NUIPEOFToken.h; sourceTree = "<group>"; };
		DB448D7E1EB4395500EA75CB /* NUIPEOFToken.m */ = {isa = PBXFileReference; fileEncoding = 4; lastKnownFileType = sourcecode.c.objc; path = NUIPEOFToken.m; sourceTree = "<group>"; };
		DB448D7F1EB4395500EA75CB /* NUIPErrorToken.h */ = {isa = PBXFileReference; fileEncoding = 4; lastKnownFileType = sourcecode.c.h; path = NUIPErrorToken.h; sourceTree = "<group>"; };
		DB448D801EB4395500EA75CB /* NUIPErrorToken.m */ = {isa = PBXFileReference; fileEncoding = 4; lastKnownFileType = sourcecode.c.objc; path = NUIPErrorToken.m; sourceTree = "<group>"; };
		DB448D811EB4395500EA75CB /* NUIPIdentifierToken.h */ = {isa = PBXFileReference; fileEncoding = 4; lastKnownFileType = sourcecode.c.h; path = NUIPIdentifierToken.h; sourceTree = "<group>"; };
		DB448D821EB4395500EA75CB /* NUIPIdentifierToken.m */ = {isa = PBXFileReference; fileEncoding = 4; lastKnownFileType = sourcecode.c.objc; path = NUIPIdentifierToken.m; sourceTree = "<group>"; };
		DB448D831EB4395500EA75CB /* NUIPKeywordToken.h */ = {isa = PBXFileReference; fileEncoding = 4; lastKnownFileType = sourcecode.c.h; path = NUIPKeywordToken.h; sourceTree = "<group>"; };
		DB448D841EB4395500EA75CB /* NUIPKeywordToken.m */ = {isa = PBXFileReference; fileEncoding = 4; lastKnownFileType = sourcecode.c.objc; path = NUIPKeywordToken.m; sourceTree = "<group>"; };
		DB448D851EB4395500EA75CB /* NUIPNumberToken.h */ = {isa = PBXFileReference; fileEncoding = 4; lastKnownFileType = sourcecode.c.h; path = NUIPNumberToken.h; sourceTree = "<group>"; };
		DB448D861EB4395500EA75CB /* NUIPNumberToken.m */ = {isa = PBXFileReference; fileEncoding = 4; lastKnownFileType = sourcecode.c.objc; path = NUIPNumberToken.m; sourceTree = "<group>"; };
		DB448D871EB4395500EA75CB /* NUIPQuotedToken.h */ = {isa = PBXFileReference; fileEncoding = 4; lastKnownFileType = sourcecode.c.h; path = NUIPQuotedToken.h; sourceTree = "<group>"; };
		DB448D881EB4395500EA75CB /* NUIPQuotedToken.m */ = {isa = PBXFileReference; fileEncoding = 4; lastKnownFileType = sourcecode.c.objc; path = NUIPQuotedToken.m; sourceTree = "<group>"; };
		DB448D891EB4395500EA75CB /* NUIPToken.h */ = {isa = PBXFileReference; fileEncoding = 4; lastKnownFileType = sourcecode.c.h; path = NUIPToken.h; sourceTree = "<group>"; };
		DB448D8A1EB4395500EA75CB /* NUIPToken.m */ = {isa = PBXFileReference; fileEncoding = 4; lastKnownFileType = sourcecode.c.objc; path = NUIPToken.m; sourceTree = "<group>"; };
		DB448D8B1EB4395500EA75CB /* NUIPWhiteSpaceToken.h */ = {isa = PBXFileReference; fileEncoding = 4; lastKnownFileType = sourcecode.c.h; path = NUIPWhiteSpaceToken.h; sourceTree = "<group>"; };
		DB448D8C1EB4395500EA75CB /* NUIPWhiteSpaceToken.m */ = {isa = PBXFileReference; fileEncoding = 4; lastKnownFileType = sourcecode.c.objc; path = NUIPWhiteSpaceToken.m; sourceTree = "<group>"; };
/* End PBXFileReference section */

/* Begin PBXFrameworksBuildPhase section */
		DB448D1B1EB4392D00EA75CB /* Frameworks */ = {
			isa = PBXFrameworksBuildPhase;
			buildActionMask = 2147483647;
			files = (
			);
			runOnlyForDeploymentPostprocessing = 0;
		};
/* End PBXFrameworksBuildPhase section */

/* Begin PBXGroup section */
		DB448D151EB4392D00EA75CB = {
			isa = PBXGroup;
			children = (
				DB448D211EB4392D00EA75CB /* NUIParse_iOS */,
				DB448D201EB4392D00EA75CB /* Products */,
			);
			sourceTree = "<group>";
		};
		DB448D201EB4392D00EA75CB /* Products */ = {
			isa = PBXGroup;
			children = (
				DB448D1F1EB4392D00EA75CB /* NUIParse_iOS.framework */,
			);
			name = Products;
			sourceTree = "<group>";
		};
		DB448D211EB4392D00EA75CB /* NUIParse_iOS */ = {
			isa = PBXGroup;
			children = (
				DB448D2A1EB4395500EA75CB /* Built In Parsers */,
				DB448D2D1EB4395500EA75CB /* en.lproj */,
				DB448D301EB4395500EA75CB /* Grammar */,
				DB448D411EB4395500EA75CB /* NSArray+NUIFunctional.h */,
				DB448D421EB4395500EA75CB /* NSArray+NUIFunctional.m */,
				DB448D431EB4395500EA75CB /* NSSet+NUIFunctional.h */,
				DB448D441EB4395500EA75CB /* NSSet+NUIFunctional.m */,
				DB448D451EB4395500EA75CB /* NUIParse-Info.plist */,
				DB448D461EB4395500EA75CB /* NUIParse-Prefix.pch */,
				DB448D471EB4395500EA75CB /* NUIParse.h */,
				DB448D481EB4395500EA75CB /* Parsers */,
				DB448D661EB4395500EA75CB /* Syntax Tree */,
				DB448D691EB4395500EA75CB /* Tokenisation */,
				DB448D221EB4392D00EA75CB /* NUIParse_iOS.h */,
				DB448D231EB4392D00EA75CB /* Info.plist */,
			);
			path = NUIParse_iOS;
			sourceTree = "<group>";
		};
		DB448D2A1EB4395500EA75CB /* Built In Parsers */ = {
			isa = PBXGroup;
			children = (
				DB448D2B1EB4395500EA75CB /* NUIPJSONParser.h */,
				DB448D2C1EB4395500EA75CB /* NUIPJSONParser.m */,
			);
			name = "Built In Parsers";
			path = "../../NUIParse/Built In Parsers";
			sourceTree = "<group>";
		};
		DB448D2D1EB4395500EA75CB /* en.lproj */ = {
			isa = PBXGroup;
			children = (
				DB448D2E1EB4395500EA75CB /* InfoPlist.strings */,
			);
			name = en.lproj;
			path = ../../NUIParse/en.lproj;
			sourceTree = "<group>";
		};
		DB448D301EB4395500EA75CB /* Grammar */ = {
			isa = PBXGroup;
			children = (
				DB448D311EB4395500EA75CB /* NUIPGrammar.h */,
				DB448D321EB4395500EA75CB /* NUIPGrammar.m */,
				DB448D331EB4395500EA75CB /* NUIPGrammarInternal.h */,
				DB448D341EB4395500EA75CB /* NUIPGrammarInternal.m */,
				DB448D351EB4395500EA75CB /* NUIPGrammarPrivate.h */,
				DB448D361EB4395500EA75CB /* NUIPGrammarPrivate.m */,
				DB448D371EB4395500EA75CB /* NUIPGrammarSymbol.h */,
				DB448D381EB4395500EA75CB /* NUIPGrammarSymbol.m */,
				DB448D391EB4395500EA75CB /* NUIPRHSItem+Private.h */,
				DB448D3A1EB4395500EA75CB /* NUIPRHSItem.h */,
				DB448D3B1EB4395500EA75CB /* NUIPRHSItem.m */,
				DB448D3C1EB4395500EA75CB /* NUIPRHSItemResult.h */,
				DB448D3D1EB4395500EA75CB /* NUIPRHSItemResult.m */,
				DB448D3E1EB4395500EA75CB /* NUIPRule+Internal.h */,
				DB448D3F1EB4395500EA75CB /* NUIPRule.h */,
				DB448D401EB4395500EA75CB /* NUIPRule.m */,
			);
			name = Grammar;
			path = ../../NUIParse/Grammar;
			sourceTree = "<group>";
		};
		DB448D481EB4395500EA75CB /* Parsers */ = {
			isa = PBXGroup;
			children = (
				DB448D491EB4395500EA75CB /* Error Recovery */,
				DB448D4C1EB4395500EA75CB /* NUIPParser.h */,
				DB448D4D1EB4395500EA75CB /* NUIPParser.m */,
				DB448D4E1EB4395500EA75CB /* NUIPShiftReduceParser.h */,
				DB448D4F1EB4395500EA75CB /* NUIPShiftReduceParser.m */,
				DB448D501EB4395500EA75CB /* NUIPShiftReduceParsers */,
			);
			name = Parsers;
			path = ../../NUIParse/Parsers;
			sourceTree = "<group>";
		};
		DB448D491EB4395500EA75CB /* Error Recovery */ = {
			isa = PBXGroup;
			children = (
				DB448D4A1EB4395500EA75CB /* NUIPRecoveryAction.h */,
				DB448D4B1EB4395500EA75CB /* NUIPRecoveryAction.m */,
			);
			path = "Error Recovery";
			sourceTree = "<group>";
		};
		DB448D501EB4395500EA75CB /* NUIPShiftReduceParsers */ = {
			isa = PBXGroup;
			children = (
				DB448D511EB4395500EA75CB /* NUIPItem.h */,
				DB448D521EB4395500EA75CB /* NUIPItem.m */,
				DB448D531EB4395500EA75CB /* NUIPLALR1Parser.h */,
				DB448D541EB4395500EA75CB /* NUIPLALR1Parser.m */,
				DB448D551EB4395500EA75CB /* NUIPLR1Item.h */,
				DB448D561EB4395500EA75CB /* NUIPLR1Item.m */,
				DB448D571EB4395500EA75CB /* NUIPLR1Parser.h */,
				DB448D581EB4395500EA75CB /* NUIPLR1Parser.m */,
				DB448D591EB4395500EA75CB /* NUIPShiftAction.h */,
				DB448D5A1EB4395500EA75CB /* NUIPShiftAction.m */,
				DB448D5B1EB4395500EA75CB /* NUIPShiftReduceAction.h */,
				DB448D5C1EB4395500EA75CB /* NUIPShiftReduceAction.m */,
				DB448D5D1EB4395500EA75CB /* NUIPShiftReduceActionTable.h */,
				DB448D5E1EB4395500EA75CB /* NUIPShiftReduceActionTable.m */,
				DB448D5F1EB4395500EA75CB /* NUIPShiftReduceGotoTable.h */,
				DB448D601EB4395500EA75CB /* NUIPShiftReduceGotoTable.m */,
				DB448D611EB4395500EA75CB /* NUIPShiftReduceParserProtectedMethods.h */,
				DB448D621EB4395500EA75CB /* NUIPShiftReduceState.h */,
				DB448D631EB4395500EA75CB /* NUIPShiftReduceState.m */,
				DB448D641EB4395500EA75CB /* NUIPSLRParser.h */,
				DB448D651EB4395500EA75CB /* NUIPSLRParser.m */,
			);
			path = NUIPShiftReduceParsers;
			sourceTree = "<group>";
		};
		DB448D661EB4395500EA75CB /* Syntax Tree */ = {
			isa = PBXGroup;
			children = (
				DB448D671EB4395500EA75CB /* NUIPSyntaxTree.h */,
				DB448D681EB4395500EA75CB /* NUIPSyntaxTree.m */,
			);
			name = "Syntax Tree";
			path = "../../NUIParse/Syntax Tree";
			sourceTree = "<group>";
		};
		DB448D691EB4395500EA75CB /* Tokenisation */ = {
			isa = PBXGroup;
			children = (
				DB448D6A1EB4395500EA75CB /* NUIPTokeniser.h */,
				DB448D6B1EB4395500EA75CB /* NUIPTokeniser.m */,
				DB448D6C1EB4395500EA75CB /* NUIPTokenStream.h */,
				DB448D6D1EB4395500EA75CB /* NUIPTokenStream.m */,
				DB448D6E1EB4395500EA75CB /* Token Recognisers */,
				DB448D7C1EB4395500EA75CB /* Token Types */,
			);
			name = Tokenisation;
			path = ../../NUIParse/Tokenisation;
			sourceTree = "<group>";
		};
		DB448D6E1EB4395500EA75CB /* Token Recognisers */ = {
			isa = PBXGroup;
			children = (
				DB448D6F1EB4395500EA75CB /* NUIPIdentifierRecogniser.h */,
				DB448D701EB4395500EA75CB /* NUIPIdentifierRecogniser.m */,
				DB448D711EB4395500EA75CB /* NUIPKeywordRecogniser.h */,
				DB448D721EB4395500EA75CB /* NUIPKeywordRecogniser.m */,
				DB448D731EB4395500EA75CB /* NUIPNumberRecogniser.h */,
				DB448D741EB4395500EA75CB /* NUIPNumberRecogniser.m */,
				DB448D751EB4395500EA75CB /* NUIPQuotedRecogniser.h */,
				DB448D761EB4395500EA75CB /* NUIPQuotedRecogniser.m */,
				DB448D771EB4395500EA75CB /* NUIPRegexpRecogniser.h */,
				DB448D781EB4395500EA75CB /* NUIPRegexpRecogniser.m */,
				DB448D791EB4395500EA75CB /* NUIPTokenRecogniser.h */,
				DB448D7A1EB4395500EA75CB /* NUIPWhiteSpaceRecogniser.h */,
				DB448D7B1EB4395500EA75CB /* NUIPWhiteSpaceRecogniser.m */,
			);
			path = "Token Recognisers";
			sourceTree = "<group>";
		};
		DB448D7C1EB4395500EA75CB /* Token Types */ = {
			isa = PBXGroup;
			children = (
				DB448D7D1EB4395500EA75CB /* NUIPEOFToken.h */,
				DB448D7E1EB4395500EA75CB /* NUIPEOFToken.m */,
				DB448D7F1EB4395500EA75CB /* NUIPErrorToken.h */,
				DB448D801EB4395500EA75CB /* NUIPErrorToken.m */,
				DB448D811EB4395500EA75CB /* NUIPIdentifierToken.h */,
				DB448D821EB4395500EA75CB /* NUIPIdentifierToken.m */,
				DB448D831EB4395500EA75CB /* NUIPKeywordToken.h */,
				DB448D841EB4395500EA75CB /* NUIPKeywordToken.m */,
				DB448D851EB4395500EA75CB /* NUIPNumberToken.h */,
				DB448D861EB4395500EA75CB /* NUIPNumberToken.m */,
				DB448D871EB4395500EA75CB /* NUIPQuotedToken.h */,
				DB448D881EB4395500EA75CB /* NUIPQuotedToken.m */,
				DB448D891EB4395500EA75CB /* NUIPToken.h */,
				DB448D8A1EB4395500EA75CB /* NUIPToken.m */,
				DB448D8B1EB4395500EA75CB /* NUIPWhiteSpaceToken.h */,
				DB448D8C1EB4395500EA75CB /* NUIPWhiteSpaceToken.m */,
			);
			path = "Token Types";
			sourceTree = "<group>";
		};
/* End PBXGroup section */

/* Begin PBXHeadersBuildPhase section */
		DB448D1C1EB4392D00EA75CB /* Headers */ = {
			isa = PBXHeadersBuildPhase;
			buildActionMask = 2147483647;
			files = (
				DB448DA61EB4395500EA75CB /* NUIParse.h in Headers */,
				DB448DA21EB4395500EA75CB /* NSSet+NUIFunctional.h in Headers */,
				DB448D961EB4395500EA75CB /* NUIPGrammarSymbol.h in Headers */,
				DB448DA51EB4395500EA75CB /* NUIParse-Prefix.pch in Headers */,
				DB448DD71EB4395500EA75CB /* NUIPErrorToken.h in Headers */,
				DB448DA71EB4395500EA75CB /* NUIPRecoveryAction.h in Headers */,
				DB448DAF1EB4395500EA75CB /* NUIPLALR1Parser.h in Headers */,
				DB448DB71EB4395500EA75CB /* NUIPShiftReduceAction.h in Headers */,
				DB448DD91EB4395500EA75CB /* NUIPIdentifierToken.h in Headers */,
				DB448DB31EB4395500EA75CB /* NUIPLR1Parser.h in Headers */,
				DB448DDD1EB4395500EA75CB /* NUIPNumberToken.h in Headers */,
				DB448DCE1EB4395500EA75CB /* NUIPQuotedRecogniser.h in Headers */,
				DB448DAD1EB4395500EA75CB /* NUIPItem.h in Headers */,
				DB448DD31EB4395500EA75CB /* NUIPWhiteSpaceRecogniser.h in Headers */,
				DB448DAB1EB4395500EA75CB /* NUIPShiftReduceParser.h in Headers */,
				DB448DBE1EB4395500EA75CB /* NUIPShiftReduceState.h in Headers */,
				DB448D901EB4395500EA75CB /* NUIPGrammar.h in Headers */,
				DB448D9B1EB4395500EA75CB /* NUIPRHSItemResult.h in Headers */,
				DB448D991EB4395500EA75CB /* NUIPRHSItem.h in Headers */,
				DB448D8D1EB4395500EA75CB /* NUIPJSONParser.h in Headers */,
				DB448DCC1EB4395500EA75CB /* NUIPNumberRecogniser.h in Headers */,
				DB448DE11EB4395500EA75CB /* NUIPToken.h in Headers */,
				DB448DDF1EB4395500EA75CB /* NUIPQuotedToken.h in Headers */,
				DB448DC61EB4395500EA75CB /* NUIPTokenStream.h in Headers */,
				DB448DE31EB4395500EA75CB /* NUIPWhiteSpaceToken.h in Headers */,
				DB448DB51EB4395500EA75CB /* NUIPShiftAction.h in Headers */,
				DB448DD01EB4395500EA75CB /* NUIPRegexpRecogniser.h in Headers */,
				DB448DC21EB4395500EA75CB /* NUIPSyntaxTree.h in Headers */,
				DB448DBD1EB4395500EA75CB /* NUIPShiftReduceParserProtectedMethods.h in Headers */,
				DB448D981EB4395500EA75CB /* NUIPRHSItem+Private.h in Headers */,
				DB448DA01EB4395500EA75CB /* NSArray+NUIFunctional.h in Headers */,
				DB448DC01EB4395500EA75CB /* NUIPSLRParser.h in Headers */,
				DB448D9D1EB4395500EA75CB /* NUIPRule+Internal.h in Headers */,
				DB448D941EB4395500EA75CB /* NUIPGrammarPrivate.h in Headers */,
				DB448DC81EB4395500EA75CB /* NUIPIdentifierRecogniser.h in Headers */,
				DB448DB11EB4395500EA75CB /* NUIPLR1Item.h in Headers */,
				DB448DC41EB4395500EA75CB /* NUIPTokeniser.h in Headers */,
				DB448D921EB4395500EA75CB /* NUIPGrammarInternal.h in Headers */,
				DB448DCA1EB4395500EA75CB /* NUIPKeywordRecogniser.h in Headers */,
				DB448DB91EB4395500EA75CB /* NUIPShiftReduceActionTable.h in Headers */,
				DB448DD51EB4395500EA75CB /* NUIPEOFToken.h in Headers */,
				DB448D9E1EB4395500EA75CB /* NUIPRule.h in Headers */,
				DB448DA91EB4395500EA75CB /* NUIPParser.h in Headers */,
				DB448DDB1EB4395500EA75CB /* NUIPKeywordToken.h in Headers */,
				DB448DBB1EB4395500EA75CB /* NUIPShiftReduceGotoTable.h in Headers */,
				DB448DD21EB4395500EA75CB /* NUIPTokenRecogniser.h in Headers */,
				DB448D241EB4392D00EA75CB /* NUIParse_iOS.h in Headers */,
			);
			runOnlyForDeploymentPostprocessing = 0;
		};
/* End PBXHeadersBuildPhase section */

/* Begin PBXNativeTarget section */
		DB448D1E1EB4392D00EA75CB /* NUIParse_iOS */ = {
			isa = PBXNativeTarget;
			buildConfigurationList = DB448D271EB4392D00EA75CB /* Build configuration list for PBXNativeTarget "NUIParse_iOS" */;
			buildPhases = (
				DB448D1A1EB4392D00EA75CB /* Sources */,
				DB448D1B1EB4392D00EA75CB /* Frameworks */,
				DB448D1C1EB4392D00EA75CB /* Headers */,
				DB448D1D1EB4392D00EA75CB /* Resources */,
			);
			buildRules = (
			);
			dependencies = (
			);
			name = NUIParse_iOS;
			productName = NUIParse_iOS;
			productReference = DB448D1F1EB4392D00EA75CB /* NUIParse_iOS.framework */;
			productType = "com.apple.product-type.framework";
		};
/* End PBXNativeTarget section */

/* Begin PBXProject section */
		DB448D161EB4392D00EA75CB /* Project object */ = {
			isa = PBXProject;
			attributes = {
				LastUpgradeCheck = 0830;
				ORGANIZATIONNAME = ChaiOne;
				TargetAttributes = {
					DB448D1E1EB4392D00EA75CB = {
						CreatedOnToolsVersion = 8.3.2;
						DevelopmentTeam = K83DSSAEPP;
						ProvisioningStyle = Automatic;
					};
				};
			};
			buildConfigurationList = DB448D191EB4392D00EA75CB /* Build configuration list for PBXProject "NUIParse_iOS" */;
			compatibilityVersion = "Xcode 3.2";
			developmentRegion = English;
			hasScannedForEncodings = 0;
			knownRegions = (
				en,
			);
			mainGroup = DB448D151EB4392D00EA75CB;
			productRefGroup = DB448D201EB4392D00EA75CB /* Products */;
			projectDirPath = "";
			projectRoot = "";
			targets = (
				DB448D1E1EB4392D00EA75CB /* NUIParse_iOS */,
			);
		};
/* End PBXProject section */

/* Begin PBXResourcesBuildPhase section */
		DB448D1D1EB4392D00EA75CB /* Resources */ = {
			isa = PBXResourcesBuildPhase;
			buildActionMask = 2147483647;
			files = (
				DB448D8F1EB4395500EA75CB /* InfoPlist.strings in Resources */,
				DB448DA41EB4395500EA75CB /* NUIParse-Info.plist in Resources */,
			);
			runOnlyForDeploymentPostprocessing = 0;
		};
/* End PBXResourcesBuildPhase section */

/* Begin PBXSourcesBuildPhase section */
		DB448D1A1EB4392D00EA75CB /* Sources */ = {
			isa = PBXSourcesBuildPhase;
			buildActionMask = 2147483647;
			files = (
				DB448DCD1EB4395500EA75CB /* NUIPNumberRecogniser.m in Sources */,
				DB448DD61EB4395500EA75CB /* NUIPEOFToken.m in Sources */,
				DB448DAA1EB4395500EA75CB /* NUIPParser.m in Sources */,
				DB448DC51EB4395500EA75CB /* NUIPTokeniser.m in Sources */,
				DB448D9A1EB4395500EA75CB /* NUIPRHSItem.m in Sources */,
				DB448DBF1EB4395500EA75CB /* NUIPShiftReduceState.m in Sources */,
				DB448DB21EB4395500EA75CB /* NUIPLR1Item.m in Sources */,
				DB448DDC1EB4395500EA75CB /* NUIPKeywordToken.m in Sources */,
				DB448D9F1EB4395500EA75CB /* NUIPRule.m in Sources */,
				DB448D931EB4395500EA75CB /* NUIPGrammarInternal.m in Sources */,
				DB448DE41EB4395500EA75CB /* NUIPWhiteSpaceToken.m in Sources */,
				DB448DC31EB4395500EA75CB /* NUIPSyntaxTree.m in Sources */,
				DB448DE01EB4395500EA75CB /* NUIPQuotedToken.m in Sources */,
				DB448DB41EB4395500EA75CB /* NUIPLR1Parser.m in Sources */,
				DB448DBC1EB4395500EA75CB /* NUIPShiftReduceGotoTable.m in Sources */,
				DB448DB01EB4395500EA75CB /* NUIPLALR1Parser.m in Sources */,
				DB448DC11EB4395500EA75CB /* NUIPSLRParser.m in Sources */,
				DB448DBA1EB4395500EA75CB /* NUIPShiftReduceActionTable.m in Sources */,
				DB448DD11EB4395500EA75CB /* NUIPRegexpRecogniser.m in Sources */,
				DB448DD81EB4395500EA75CB /* NUIPErrorToken.m in Sources */,
				DB448DD41EB4395500EA75CB /* NUIPWhiteSpaceRecogniser.m in Sources */,
				DB448D971EB4395500EA75CB /* NUIPGrammarSymbol.m in Sources */,
				DB448D9C1EB4395500EA75CB /* NUIPRHSItemResult.m in Sources */,
				DB448DA31EB4395500EA75CB /* NSSet+NUIFunctional.m in Sources */,
				DB448DCB1EB4395500EA75CB /* NUIPKeywordRecogniser.m in Sources */,
				DB448D951EB4395500EA75CB /* NUIPGrammarPrivate.m in Sources */,
				DB448DC91EB4395500EA75CB /* NUIPIdentifierRecogniser.m in Sources */,
				DB448DE21EB4395500EA75CB /* NUIPToken.m in Sources */,
				DB448DCF1EB4395500EA75CB /* NUIPQuotedRecogniser.m in Sources */,
				DB448DAC1EB4395500EA75CB /* NUIPShiftReduceParser.m in Sources */,
				DB448DB61EB4395500EA75CB /* NUIPShiftAction.m in Sources */,
				DB448DA81EB4395500EA75CB /* NUIPRecoveryAction.m in Sources */,
				DB448DAE1EB4395500EA75CB /* NUIPItem.m in Sources */,
				DB448DC71EB4395500EA75CB /* NUIPTokenStream.m in Sources */,
				DB448D8E1EB4395500EA75CB /* NUIPJSONParser.m in Sources */,
				DB448DDA1EB4395500EA75CB /* NUIPIdentifierToken.m in Sources */,
				DB448DB81EB4395500EA75CB /* NUIPShiftReduceAction.m in Sources */,
				DB448DA11EB4395500EA75CB /* NSArray+NUIFunctional.m in Sources */,
				DB448D911EB4395500EA75CB /* NUIPGrammar.m in Sources */,
				DB448DDE1EB4395500EA75CB /* NUIPNumberToken.m in Sources */,
			);
			runOnlyForDeploymentPostprocessing = 0;
		};
/* End PBXSourcesBuildPhase section */

/* Begin PBXVariantGroup section */
		DB448D2E1EB4395500EA75CB /* InfoPlist.strings */ = {
			isa = PBXVariantGroup;
			children = (
				DB448D2F1EB4395500EA75CB /* en */,
			);
			name = InfoPlist.strings;
			sourceTree = "<group>";
		};
/* End PBXVariantGroup section */

/* Begin XCBuildConfiguration section */
		DB448D251EB4392D00EA75CB /* Debug */ = {
			isa = XCBuildConfiguration;
			buildSettings = {
				ALWAYS_SEARCH_USER_PATHS = NO;
				CLANG_ANALYZER_NONNULL = YES;
				CLANG_ANALYZER_NUMBER_OBJECT_CONVERSION = YES_AGGRESSIVE;
				CLANG_CXX_LANGUAGE_STANDARD = "gnu++0x";
				CLANG_CXX_LIBRARY = "libc++";
				CLANG_ENABLE_MODULES = YES;
				CLANG_ENABLE_OBJC_ARC = YES;
				CLANG_WARN_BOOL_CONVERSION = YES;
				CLANG_WARN_CONSTANT_CONVERSION = YES;
				CLANG_WARN_DIRECT_OBJC_ISA_USAGE = YES_ERROR;
				CLANG_WARN_DOCUMENTATION_COMMENTS = YES;
				CLANG_WARN_EMPTY_BODY = YES;
				CLANG_WARN_ENUM_CONVERSION = YES;
				CLANG_WARN_INFINITE_RECURSION = YES;
				CLANG_WARN_INT_CONVERSION = YES;
				CLANG_WARN_OBJC_ROOT_CLASS = YES_ERROR;
				CLANG_WARN_SUSPICIOUS_MOVE = YES;
				CLANG_WARN_UNREACHABLE_CODE = YES;
				CLANG_WARN__DUPLICATE_METHOD_MATCH = YES;
				"CODE_SIGN_IDENTITY[sdk=iphoneos*]" = "iPhone Developer";
				COPY_PHASE_STRIP = NO;
				CURRENT_PROJECT_VERSION = 1;
				DEBUG_INFORMATION_FORMAT = dwarf;
				ENABLE_STRICT_OBJC_MSGSEND = YES;
				ENABLE_TESTABILITY = YES;
				GCC_C_LANGUAGE_STANDARD = gnu99;
				GCC_DYNAMIC_NO_PIC = NO;
				GCC_NO_COMMON_BLOCKS = YES;
				GCC_OPTIMIZATION_LEVEL = 0;
				GCC_PREPROCESSOR_DEFINITIONS = (
					"DEBUG=1",
					"$(inherited)",
				);
				GCC_WARN_64_TO_32_BIT_CONVERSION = YES;
				GCC_WARN_ABOUT_RETURN_TYPE = YES_ERROR;
				GCC_WARN_UNDECLARED_SELECTOR = YES;
				GCC_WARN_UNINITIALIZED_AUTOS = YES_AGGRESSIVE;
				GCC_WARN_UNUSED_FUNCTION = YES;
				GCC_WARN_UNUSED_VARIABLE = YES;
				IPHONEOS_DEPLOYMENT_TARGET = 10.3;
				MTL_ENABLE_DEBUG_INFO = YES;
				ONLY_ACTIVE_ARCH = YES;
				SDKROOT = iphoneos;
				TARGETED_DEVICE_FAMILY = "1,2";
				VERSIONING_SYSTEM = "apple-generic";
				VERSION_INFO_PREFIX = "";
			};
			name = Debug;
		};
		DB448D261EB4392D00EA75CB /* Release */ = {
			isa = XCBuildConfiguration;
			buildSettings = {
				ALWAYS_SEARCH_USER_PATHS = NO;
				CLANG_ANALYZER_NONNULL = YES;
				CLANG_ANALYZER_NUMBER_OBJECT_CONVERSION = YES_AGGRESSIVE;
				CLANG_CXX_LANGUAGE_STANDARD = "gnu++0x";
				CLANG_CXX_LIBRARY = "libc++";
				CLANG_ENABLE_MODULES = YES;
				CLANG_ENABLE_OBJC_ARC = YES;
				CLANG_WARN_BOOL_CONVERSION = YES;
				CLANG_WARN_CONSTANT_CONVERSION = YES;
				CLANG_WARN_DIRECT_OBJC_ISA_USAGE = YES_ERROR;
				CLANG_WARN_DOCUMENTATION_COMMENTS = YES;
				CLANG_WARN_EMPTY_BODY = YES;
				CLANG_WARN_ENUM_CONVERSION = YES;
				CLANG_WARN_INFINITE_RECURSION = YES;
				CLANG_WARN_INT_CONVERSION = YES;
				CLANG_WARN_OBJC_ROOT_CLASS = YES_ERROR;
				CLANG_WARN_SUSPICIOUS_MOVE = YES;
				CLANG_WARN_UNREACHABLE_CODE = YES;
				CLANG_WARN__DUPLICATE_METHOD_MATCH = YES;
				"CODE_SIGN_IDENTITY[sdk=iphoneos*]" = "iPhone Developer";
				COPY_PHASE_STRIP = NO;
				CURRENT_PROJECT_VERSION = 1;
				DEBUG_INFORMATION_FORMAT = "dwarf-with-dsym";
				ENABLE_NS_ASSERTIONS = NO;
				ENABLE_STRICT_OBJC_MSGSEND = YES;
				GCC_C_LANGUAGE_STANDARD = gnu99;
				GCC_NO_COMMON_BLOCKS = YES;
				GCC_WARN_64_TO_32_BIT_CONVERSION = YES;
				GCC_WARN_ABOUT_RETURN_TYPE = YES_ERROR;
				GCC_WARN_UNDECLARED_SELECTOR = YES;
				GCC_WARN_UNINITIALIZED_AUTOS = YES_AGGRESSIVE;
				GCC_WARN_UNUSED_FUNCTION = YES;
				GCC_WARN_UNUSED_VARIABLE = YES;
				IPHONEOS_DEPLOYMENT_TARGET = 10.3;
				MTL_ENABLE_DEBUG_INFO = NO;
				SDKROOT = iphoneos;
				TARGETED_DEVICE_FAMILY = "1,2";
				VALIDATE_PRODUCT = YES;
				VERSIONING_SYSTEM = "apple-generic";
				VERSION_INFO_PREFIX = "";
			};
			name = Release;
		};
		DB448D281EB4392D00EA75CB /* Debug */ = {
			isa = XCBuildConfiguration;
			buildSettings = {
				CLANG_ENABLE_OBJC_ARC = NO;
				CODE_SIGN_IDENTITY = "";
				DEFINES_MODULE = YES;
				DEVELOPMENT_TEAM = K83DSSAEPP;
				DYLIB_COMPATIBILITY_VERSION = 1;
				DYLIB_CURRENT_VERSION = 1;
				DYLIB_INSTALL_NAME_BASE = "@rpath";
				INFOPLIST_FILE = NUIParse_iOS/Info.plist;
				INSTALL_PATH = "$(LOCAL_LIBRARY_DIR)/Frameworks";
				IPHONEOS_DEPLOYMENT_TARGET = 8.0;
				LD_RUNPATH_SEARCH_PATHS = "$(inherited) @executable_path/Frameworks @loader_path/Frameworks";
				PRODUCT_BUNDLE_IDENTIFIER = "com.chaione.NUIParse-iOS";
				PRODUCT_NAME = "$(TARGET_NAME)";
				SKIP_INSTALL = YES;
			};
			name = Debug;
		};
		DB448D291EB4392D00EA75CB /* Release */ = {
			isa = XCBuildConfiguration;
			buildSettings = {
				CLANG_ENABLE_OBJC_ARC = NO;
				CODE_SIGN_IDENTITY = "";
				DEFINES_MODULE = YES;
				DEVELOPMENT_TEAM = K83DSSAEPP;
				DYLIB_COMPATIBILITY_VERSION = 1;
				DYLIB_CURRENT_VERSION = 1;
				DYLIB_INSTALL_NAME_BASE = "@rpath";
				INFOPLIST_FILE = NUIParse_iOS/Info.plist;
				INSTALL_PATH = "$(LOCAL_LIBRARY_DIR)/Frameworks";
				IPHONEOS_DEPLOYMENT_TARGET = 8.0;
				LD_RUNPATH_SEARCH_PATHS = "$(inherited) @executable_path/Frameworks @loader_path/Frameworks";
				PRODUCT_BUNDLE_IDENTIFIER = "com.chaione.NUIParse-iOS";
				PRODUCT_NAME = "$(TARGET_NAME)";
				SKIP_INSTALL = YES;
			};
			name = Release;
		};
/* End XCBuildConfiguration section */

/* Begin XCConfigurationList section */
		DB448D191EB4392D00EA75CB /* Build configuration list for PBXProject "NUIParse_iOS" */ = {
			isa = XCConfigurationList;
			buildConfigurations = (
				DB448D251EB4392D00EA75CB /* Debug */,
				DB448D261EB4392D00EA75CB /* Release */,
			);
			defaultConfigurationIsVisible = 0;
			defaultConfigurationName = Release;
		};
		DB448D271EB4392D00EA75CB /* Build configuration list for PBXNativeTarget "NUIParse_iOS" */ = {
			isa = XCConfigurationList;
			buildConfigurations = (
				DB448D281EB4392D00EA75CB /* Debug */,
				DB448D291EB4392D00EA75CB /* Release */,
			);
			defaultConfigurationIsVisible = 0;
			defaultConfigurationName = Release;
		};
/* End XCConfigurationList section */
	};
	rootObject = DB448D161EB4392D00EA75CB /* Project object */;
}
